
Microsoft Visual Studio Solution File, Format Version 12.00
# Visual Studio Version 16
VisualStudioVersion = 16.0.31624.102
MinimumVisualStudioVersion = 10.0.40219.1
Project("{FAE04EC0-301F-11D3-BF4B-00C04F79EFBC}") = "HentaizDownload", "HentaizDownload\HentaizDownload.csproj", "{4F705EAD-3B17-4E9F-BFC1-4B98EF73EF22}"
EndProject
Global
	GlobalSection(SolutionConfigurationPlatforms) = preSolution
		Debug|Any CPU = Debug|Any CPU
		Release|Any CPU = Release|Any CPU
	EndGlobalSection
	GlobalSection(ProjectConfigurationPlatforms) = postSolution
		{4F705EAD-3B17-4E9F-BFC1-4B98EF73EF22}.Debug|Any CPU.ActiveCfg = Debug|Any CPU
		{4F705EAD-3B17-4E9F-BFC1-4B98EF73EF22}.Debug|Any CPU.Build.0 = Debug|Any CPU
		{4F705EAD-3B17-4E9F-BFC1-4B98EF73EF22}.Release|Any CPU.ActiveCfg = Release|Any CPU
		{4F705EAD-3B17-4E9F-BFC1-4B98EF73EF22}.Release|Any CPU.Build.0 = Release|Any CPU
	EndGlobalSection
	GlobalSection(SolutionProperties) = preSolution
		HideSolutionNode = FALSE
	EndGlobalSection
	GlobalSection(ExtensibilityGlobals) = postSolution
		SolutionGuid = {E938D231-2989-4DC7-8ED8-3AADC74A17FB}
	EndGlobalSection
EndGlobal
